
Microsoft Visual Studio Solution File, Format Version 12.00
# Visual Studio 15
VisualStudioVersion = 15.0.26430.16
MinimumVisualStudioVersion = 10.0.40219.1
Project("{FAE04EC0-301F-11D3-BF4B-00C04F79EFBC}") = "DocuPath", "DocuPath\DocuPath.csproj", "{BA35F0A0-DCDA-4546-AB89-0A9186A30772}"
EndProject
Project("{FAE04EC0-301F-11D3-BF4B-00C04F79EFBC}") = "DocuPath.Tests", "DocuPath.Tests\DocuPath.Tests.csproj", "{4B7319B4-D97C-48FB-8FFF-4A619C3439DB}"
EndProject
Global
	GlobalSection(SolutionConfigurationPlatforms) = preSolution
		Debug|Any CPU = Debug|Any CPU
		Release|Any CPU = Release|Any CPU
	EndGlobalSection
	GlobalSection(ProjectConfigurationPlatforms) = postSolution
		{BA35F0A0-DCDA-4546-AB89-0A9186A30772}.Debug|Any CPU.ActiveCfg = Debug|Any CPU
		{BA35F0A0-DCDA-4546-AB89-0A9186A30772}.Debug|Any CPU.Build.0 = Debug|Any CPU
		{BA35F0A0-DCDA-4546-AB89-0A9186A30772}.Release|Any CPU.ActiveCfg = Release|Any CPU
		{BA35F0A0-DCDA-4546-AB89-0A9186A30772}.Release|Any CPU.Build.0 = Release|Any CPU
		{4B7319B4-D97C-48FB-8FFF-4A619C3439DB}.Debug|Any CPU.ActiveCfg = Debug|Any CPU
		{4B7319B4-D97C-48FB-8FFF-4A619C3439DB}.Debug|Any CPU.Build.0 = Debug|Any CPU
		{4B7319B4-D97C-48FB-8FFF-4A619C3439DB}.Release|Any CPU.ActiveCfg = Release|Any CPU
		{4B7319B4-D97C-48FB-8FFF-4A619C3439DB}.Release|Any CPU.Build.0 = Release|Any CPU
	EndGlobalSection
	GlobalSection(SolutionProperties) = preSolution
		HideSolutionNode = FALSE
	EndGlobalSection
EndGlobal
